<?xml version="1.0" encoding="UTF-8" standalone="yes" ?>
<CodeBlocks_project_file>
	<FileVersion major="1" minor="6" />
	<Project>
		<Option title="Flappy++" />
		<Option platforms="Windows;Unix;" />
		<Option pch_mode="2" />
		<Option compiler="gcc" />
		<Build>
			<Target title="Windows_Static">
				<Option platforms="Windows;" />
				<Option output="bin/Windows/Flappy++" prefix_auto="1" extension_auto="1" />
				<Option object_output="obj/Windows/" />
				<Option type="0" />
				<Option compiler="gcc" />
				<Compiler>
					<Add option="-fexpensive-optimizations" />
					<Add option="-O3" />
					<Add option="-Wredundant-decls" />
					<Add option="-Wunreachable-code" />
					<Add option="-Wmissing-declarations" />
					<Add option="-Wmissing-include-dirs" />
					<Add option="-Wswitch-default" />
					<Add option="-Wzero-as-null-pointer-constant" />
					<Add option="-pedantic" />
					<Add option="-Wextra" />
					<Add option="-std=c++14" />
					<Add option="-DSFML_STATIC" />
					<Add directory="lib/Windows/include" />
				</Compiler>
				<Linker>
					<Add option="-s" />
					<Add library="sfml-graphics-s" />
					<Add library="sfml-window-s" />
					<Add library="sfml-system-s" />
					<Add library="sfml-audio-s" />
					<Add library="lib/Windows/lib/glew32s.lib" />
					<Add library="opengl32" />
					<Add library="winmm" />
					<Add library="gdi32" />
					<Add library="freetype" />
					<Add library="jpeg" />
					<Add library="openal32" />
					<Add library="ws2_32" />
					<Add directory="lib/Windows/lib" />
				</Linker>
				<ExtraCommands>
					<Add after="scripts\release_windows.bat" />
					<Mode after="always" />
				</ExtraCommands>
			</Target>
			<Target title="Linux_Static">
				<Option platforms="Unix;" />
				<Option output="bin/Linux/Flappy++" prefix_auto="1" extension_auto="1" />
				<Option object_output="obj/Linux/" />
				<Option type="0" />
				<Option compiler="gcc" />
				<Option projectLinkerOptionsRelation="1" />
				<Compiler>
					<Add option="-fexpensive-optimizations" />
					<Add option="-O3" />
					<Add option="-Wredundant-decls" />
					<Add option="-Wunreachable-code" />
					<Add option="-Wmissing-declarations" />
					<Add option="-Wmissing-include-dirs" />
					<Add option="-Wswitch-default" />
					<Add option="-Wzero-as-null-pointer-constant" />
					<Add option="-pedantic" />
					<Add option="-Wextra" />
					<Add option="-std=c++14" />
					<Add option="-DSFML_STATIC" />
					<Add directory="lib/Linux/include" />
				</Compiler>
				<Linker>
					<Add option="-s" />
					<Add library="sfml-graphics-s" />
					<Add library="sfml-window-s" />
					<Add library="sfml-system-s" />
					<Add library="sfml-audio-s" />
					<Add library="sndfile" />
					<Add library="openal" />
					<Add library="X11" />
					<Add library="X11-xcb" />
					<Add library="xcb" />
					<Add library="xcb-randr" />
					<Add library="xcb-icccm" />
					<Add library="xcb-image" />
					<Add library="udev" />
					<Add library="pthread" />
					<Add library="GLEW" />
					<Add library="freetype" />
					<Add library="jpeg" />
					<Add library="GL" />
					<Add directory="lib/Linux/lib" />
				</Linker>
				<ExtraCommands>
					<Add after="./scripts/release_linux.sh" />
					<Mode after="always" />
				</ExtraCommands>
			</Target>
			<Target title="Windows_Dynamic">
				<Option platforms="Windows;" />
				<Option output="bin/Windows/Flappy++" prefix_auto="1" extension_auto="1" />
				<Option object_output="obj/Windows/" />
				<Option type="0" />
				<Option compiler="gcc" />
				<Compiler>
					<Add option="-fexpensive-optimizations" />
					<Add option="-O3" />
					<Add option="-Wredundant-decls" />
					<Add option="-Wunreachable-code" />
					<Add option="-Wmissing-declarations" />
					<Add option="-Wmissing-include-dirs" />
					<Add option="-Wswitch-default" />
					<Add option="-Wzero-as-null-pointer-constant" />
					<Add option="-pedantic" />
					<Add option="-Wextra" />
					<Add option="-std=c++14" />
					<Add directory="lib/Windows/include" />
				</Compiler>
				<Linker>
					<Add option="-s" />
					<Add library="sfml-graphics" />
					<Add library="sfml-window" />
					<Add library="sfml-system" />
					<Add library="sfml-audio" />
					<Add directory="lib/Windows/lib" />
				</Linker>
				<ExtraCommands>
					<Add after="scripts\release_windows.bat" />
					<Mode after="always" />
				</ExtraCommands>
			</Target>
			<Target title="Linux_Dynamic">
				<Option platforms="Unix;" />
				<Option output="bin/Linux/Flappy++" prefix_auto="1" extension_auto="1" />
				<Option object_output="obj/Linux/" />
				<Option type="0" />
				<Option compiler="gcc" />
				<Compiler>
					<Add option="-fexpensive-optimizations" />
					<Add option="-O3" />
					<Add option="-Wredundant-decls" />
					<Add option="-Wunreachable-code" />
					<Add option="-Wmissing-declarations" />
					<Add option="-Wmissing-include-dirs" />
					<Add option="-Wswitch-default" />
					<Add option="-Wzero-as-null-pointer-constant" />
					<Add option="-pedantic" />
					<Add option="-Wextra" />
					<Add option="-std=c++14" />
					<Add directory="lib/Windows/include" />
				</Compiler>
				<Linker>
					<Add option="-s" />
					<Add library="sfml-graphics" />
					<Add library="sfml-window" />
					<Add library="sfml-system" />
					<Add library="sfml-audio" />
					<Add directory="lib/Windows/lib" />
				</Linker>
				<ExtraCommands>
					<Add after="scripts\release_windows.bat" />
					<Mode after="always" />
				</ExtraCommands>
			</Target>
		</Build>
		<Compiler>
			<Add option="-Wall" />
		</Compiler>
		<Unit filename="src/core/game.cpp" />
		<Unit filename="src/core/game.hpp" />
		<Unit filename="src/core/gameloop.cpp" />
		<Unit filename="src/core/render.cpp" />
		<Unit filename="src/core/update.cpp" />
		<Unit filename="src/main.cpp" />
		<Unit filename="src/map/map.cpp" />
		<Unit filename="src/map/map.h" />
		<Unit filename="src/menu/menu.cpp" />
		<Unit filename="src/menu/menu.hpp" />
		<Unit filename="src/player/input.cpp" />
		<Unit filename="src/player/movement.cpp" />
		<Unit filename="src/player/player.cpp" />
		<Unit filename="src/player/player.hpp" />
		<Unit filename="version.h" />
		<Extensions>
			<code_completion />
			<envvars />
			<debugger />
			<lib_finder disable_auto="1" />
			<AutoVersioning>
				<Scheme minor_max="20" build_max="0" rev_max="0" rev_rand_max="10" build_times_to_increment_minor="50" />
				<Settings autoincrement="1" date_declarations="1" use_define="0" update_manifest="1" do_auto_increment="1" ask_to_increment="0" language="C++" svn="0" svn_directory="" header_path="version.h" />
				<Changes_Log show_changes_editor="0" app_title="released version %M.%m.%b of %p" changeslog_path="ChangesLog.txt" />
				<Code header_guard="VERSION_H" namespace="AutoVersion" prefix="" />
			</AutoVersioning>
		</Extensions>
	</Project>
</CodeBlocks_project_file>
